{
    "version": 3,
    "terraform_version": "0.11.7",
    "serial": 18,
    "lineage": "b68b4e52-acfb-6707-a446-293251f9c7ab",
    "modules": [
        {
            "path": [
                "root"
            ],
            "outputs": {
                "kubernetes_master_ip": {
                    "sensitive": false,
                    "type": "string",
                    "value": "35.222.124.95"
                }
            },
            "resources": {
                "data.external.ip": {
                    "type": "external",
                    "depends_on": [],
                    "primary": {
                        "id": "-",
                        "attributes": {
                            "id": "-",
                            "program.#": "3",
                            "program.0": "bash",
                            "program.1": "-c",
                            "program.2": "jq -n --arg this `curl checkip.amazonaws.com` '{ip:$this}'",
                            "result.%": "1",
                            "result.ip": "69.222.185.243"
                        },
                        "meta": {},
                        "tainted": false
                    },
                    "deposed": [],
                    "provider": "provider.external"
                },
                "data.google_compute_network.default": {
                    "type": "google_compute_network",
                    "depends_on": [],
                    "primary": {
                        "id": "default",
                        "attributes": {
                            "description": "Default network for the project",
                            "gateway_ipv4": "",
                            "id": "default",
                            "name": "default",
                            "self_link": "https://www.googleapis.com/compute/v1/projects/ivory-cycle-233717/global/networks/default",
                            "subnetworks_self_links.#": "19",
                            "subnetworks_self_links.0": "https://www.googleapis.com/compute/v1/projects/ivory-cycle-233717/regions/australia-southeast1/subnetworks/default",
                            "subnetworks_self_links.1": "https://www.googleapis.com/compute/v1/projects/ivory-cycle-233717/regions/europe-west3/subnetworks/default",
                            "subnetworks_self_links.10": "https://www.googleapis.com/compute/v1/projects/ivory-cycle-233717/regions/asia-east1/subnetworks/default",
                            "subnetworks_self_links.11": "https://www.googleapis.com/compute/v1/projects/ivory-cycle-233717/regions/us-west1/subnetworks/default",
                            "subnetworks_self_links.12": "https://www.googleapis.com/compute/v1/projects/ivory-cycle-233717/regions/asia-southeast1/subnetworks/default",
                            "subnetworks_self_links.13": "https://www.googleapis.com/compute/v1/projects/ivory-cycle-233717/regions/europe-west6/subnetworks/default",
                            "subnetworks_self_links.14": "https://www.googleapis.com/compute/v1/projects/ivory-cycle-233717/regions/us-east1/subnetworks/default",
                            "subnetworks_self_links.15": "https://www.googleapis.com/compute/v1/projects/ivory-cycle-233717/regions/southamerica-east1/subnetworks/default",
                            "subnetworks_self_links.16": "https://www.googleapis.com/compute/v1/projects/ivory-cycle-233717/regions/us-west2/subnetworks/default",
                            "subnetworks_self_links.17": "https://www.googleapis.com/compute/v1/projects/ivory-cycle-233717/regions/europe-west2/subnetworks/default",
                            "subnetworks_self_links.18": "https://www.googleapis.com/compute/v1/projects/ivory-cycle-233717/regions/europe-west1/subnetworks/default",
                            "subnetworks_self_links.2": "https://www.googleapis.com/compute/v1/projects/ivory-cycle-233717/regions/us-east4/subnetworks/default",
                            "subnetworks_self_links.3": "https://www.googleapis.com/compute/v1/projects/ivory-cycle-233717/regions/northamerica-northeast1/subnetworks/default",
                            "subnetworks_self_links.4": "https://www.googleapis.com/compute/v1/projects/ivory-cycle-233717/regions/asia-northeast1/subnetworks/default",
                            "subnetworks_self_links.5": "https://www.googleapis.com/compute/v1/projects/ivory-cycle-233717/regions/asia-east2/subnetworks/default",
                            "subnetworks_self_links.6": "https://www.googleapis.com/compute/v1/projects/ivory-cycle-233717/regions/us-central1/subnetworks/default",
                            "subnetworks_self_links.7": "https://www.googleapis.com/compute/v1/projects/ivory-cycle-233717/regions/europe-north1/subnetworks/default",
                            "subnetworks_self_links.8": "https://www.googleapis.com/compute/v1/projects/ivory-cycle-233717/regions/asia-south1/subnetworks/default",
                            "subnetworks_self_links.9": "https://www.googleapis.com/compute/v1/projects/ivory-cycle-233717/regions/europe-west4/subnetworks/default"
                        },
                        "meta": {},
                        "tainted": false
                    },
                    "deposed": [],
                    "provider": "provider.google"
                },
                "data.google_compute_subnetwork.default": {
                    "type": "google_compute_subnetwork",
                    "depends_on": [
                        "data.google_compute_network.default"
                    ],
                    "primary": {
                        "id": "us-central1/default",
                        "attributes": {
                            "description": "",
                            "gateway_address": "10.128.0.1",
                            "id": "us-central1/default",
                            "ip_cidr_range": "10.128.0.0/20",
                            "name": "default",
                            "network": "https://www.googleapis.com/compute/v1/projects/ivory-cycle-233717/global/networks/default",
                            "private_ip_google_access": "true",
                            "project": "ivory-cycle-233717",
                            "region": "us-central1",
                            "secondary_ip_range.#": "0",
                            "self_link": "https://www.googleapis.com/compute/v1/projects/ivory-cycle-233717/regions/us-central1/subnetworks/default"
                        },
                        "meta": {},
                        "tainted": false
                    },
                    "deposed": [],
                    "provider": "provider.google"
                },
                "data.google_compute_zones.available": {
                    "type": "google_compute_zones",
                    "depends_on": [],
                    "primary": {
                        "id": "2019-03-10 20:58:07.701545 +0000 UTC",
                        "attributes": {
                            "id": "2019-03-10 20:58:07.701545 +0000 UTC",
                            "names.#": "4",
                            "names.0": "us-central1-a",
                            "names.1": "us-central1-b",
                            "names.2": "us-central1-c",
                            "names.3": "us-central1-f",
                            "project": "ivory-cycle-233717",
                            "region": "us-central1"
                        },
                        "meta": {},
                        "tainted": false
                    },
                    "deposed": [],
                    "provider": "provider.google"
                },
                "data.google_container_engine_versions.default": {
                    "type": "google_container_engine_versions",
                    "depends_on": [
                        "data.google_compute_zones.available"
                    ],
                    "primary": {
                        "id": "2019-03-10 20:58:07.971946 +0000 UTC",
                        "attributes": {
                            "default_cluster_version": "1.11.7-gke.4",
                            "id": "2019-03-10 20:58:07.971946 +0000 UTC",
                            "latest_master_version": "1.12.5-gke.10",
                            "latest_node_version": "1.12.5-gke.10",
                            "valid_master_versions.#": "12",
                            "valid_master_versions.0": "1.12.5-gke.10",
                            "valid_master_versions.1": "1.12.5-gke.5",
                            "valid_master_versions.10": "1.10.12-gke.9",
                            "valid_master_versions.11": "1.10.12-gke.7",
                            "valid_master_versions.2": "1.11.7-gke.12",
                            "valid_master_versions.3": "1.11.7-gke.6",
                            "valid_master_versions.4": "1.11.7-gke.4",
                            "valid_master_versions.5": "1.11.6-gke.11",
                            "valid_master_versions.6": "1.11.6-gke.6",
                            "valid_master_versions.7": "1.11.6-gke.3",
                            "valid_master_versions.8": "1.11.6-gke.2",
                            "valid_master_versions.9": "1.11.5-gke.5",
                            "valid_node_versions.#": "79",
                            "valid_node_versions.0": "1.12.5-gke.10",
                            "valid_node_versions.1": "1.12.5-gke.5",
                            "valid_node_versions.10": "1.11.5-gke.5",
                            "valid_node_versions.11": "1.11.5-gke.4",
                            "valid_node_versions.12": "1.11.4-gke.13",
                            "valid_node_versions.13": "1.11.4-gke.12",
                            "valid_node_versions.14": "1.11.4-gke.8",
                            "valid_node_versions.15": "1.11.3-gke.24",
                            "valid_node_versions.16": "1.11.3-gke.23",
                            "valid_node_versions.17": "1.11.3-gke.18",
                            "valid_node_versions.18": "1.11.2-gke.26",
                            "valid_node_versions.19": "1.11.2-gke.25",
                            "valid_node_versions.2": "1.11.7-gke.12",
                            "valid_node_versions.20": "1.11.2-gke.20",
                            "valid_node_versions.21": "1.11.2-gke.18",
                            "valid_node_versions.22": "1.11.2-gke.15",
                            "valid_node_versions.23": "1.11.2-gke.9",
                            "valid_node_versions.24": "1.10.12-gke.9",
                            "valid_node_versions.25": "1.10.12-gke.7",
                            "valid_node_versions.26": "1.10.12-gke.1",
                            "valid_node_versions.27": "1.10.12-gke.0",
                            "valid_node_versions.28": "1.10.11-gke.1",
                            "valid_node_versions.29": "1.10.9-gke.7",
                            "valid_node_versions.3": "1.11.7-gke.6",
                            "valid_node_versions.30": "1.10.9-gke.5",
                            "valid_node_versions.31": "1.10.9-gke.3",
                            "valid_node_versions.32": "1.10.9-gke.0",
                            "valid_node_versions.33": "1.10.7-gke.13",
                            "valid_node_versions.34": "1.10.7-gke.11",
                            "valid_node_versions.35": "1.10.7-gke.9",
                            "valid_node_versions.36": "1.10.7-gke.6",
                            "valid_node_versions.37": "1.10.7-gke.2",
                            "valid_node_versions.38": "1.10.7-gke.1",
                            "valid_node_versions.39": "1.10.6-gke.13",
                            "valid_node_versions.4": "1.11.7-gke.4",
                            "valid_node_versions.40": "1.10.6-gke.11",
                            "valid_node_versions.41": "1.10.6-gke.9",
                            "valid_node_versions.42": "1.10.6-gke.6",
                            "valid_node_versions.43": "1.10.6-gke.4",
                            "valid_node_versions.44": "1.10.6-gke.3",
                            "valid_node_versions.45": "1.10.6-gke.2",
                            "valid_node_versions.46": "1.10.6-gke.1",
                            "valid_node_versions.47": "1.10.5-gke.4",
                            "valid_node_versions.48": "1.10.5-gke.3",
                            "valid_node_versions.49": "1.10.5-gke.2",
                            "valid_node_versions.5": "1.11.6-gke.11",
                            "valid_node_versions.50": "1.10.5-gke.0",
                            "valid_node_versions.51": "1.10.4-gke.3",
                            "valid_node_versions.52": "1.10.4-gke.2",
                            "valid_node_versions.53": "1.10.4-gke.0",
                            "valid_node_versions.54": "1.10.2-gke.4",
                            "valid_node_versions.55": "1.10.2-gke.3",
                            "valid_node_versions.56": "1.10.2-gke.1",
                            "valid_node_versions.57": "1.9.7-gke.11",
                            "valid_node_versions.58": "1.9.7-gke.7",
                            "valid_node_versions.59": "1.9.7-gke.6",
                            "valid_node_versions.6": "1.11.6-gke.6",
                            "valid_node_versions.60": "1.9.7-gke.5",
                            "valid_node_versions.61": "1.9.7-gke.4",
                            "valid_node_versions.62": "1.9.7-gke.3",
                            "valid_node_versions.63": "1.9.7-gke.1",
                            "valid_node_versions.64": "1.9.7-gke.0",
                            "valid_node_versions.65": "1.9.6-gke.2",
                            "valid_node_versions.66": "1.9.6-gke.1",
                            "valid_node_versions.67": "1.9.3-gke.0",
                            "valid_node_versions.68": "1.8.12-gke.3",
                            "valid_node_versions.69": "1.8.12-gke.2",
                            "valid_node_versions.7": "1.11.6-gke.3",
                            "valid_node_versions.70": "1.8.12-gke.1",
                            "valid_node_versions.71": "1.8.12-gke.0",
                            "valid_node_versions.72": "1.8.10-gke.2",
                            "valid_node_versions.73": "1.8.10-gke.0",
                            "valid_node_versions.74": "1.8.9-gke.1",
                            "valid_node_versions.75": "1.8.8-gke.0",
                            "valid_node_versions.76": "1.7.15-gke.0",
                            "valid_node_versions.77": "1.7.12-gke.2",
                            "valid_node_versions.78": "1.6.13-gke.1",
                            "valid_node_versions.8": "1.11.6-gke.2",
                            "valid_node_versions.9": "1.11.6-gke.0",
                            "zone": "us-central1-b"
                        },
                        "meta": {},
                        "tainted": false
                    },
                    "deposed": [],
                    "provider": "provider.google"
                }
            },
            "depends_on": []
        },
        {
            "path": [
                "root",
                "wayot_k8s"
            ],
            "outputs": {
                "admin_password": {
                    "sensitive": false,
                    "type": "string",
                    "value": "28709bfe73935a90"
                },
                "client_certificate": {
                    "sensitive": false,
                    "type": "list",
                    "value": [
                        ""
                    ]
                },
                "client_key": {
                    "sensitive": false,
                    "type": "list",
                    "value": [
                        ""
                    ]
                },
                "cluster_ca_certificate": {
                    "sensitive": false,
                    "type": "list",
                    "value": [
                        "LS0tLS1CRUdJTiBDRVJUSUZJQ0FURS0tLS0tCk1JSURDekNDQWZPZ0F3SUJBZ0lRS003aWYrV0s1c21vZTRWd21CNFdpREFOQmdrcWhraUc5dzBCQVFzRkFEQXYKTVMwd0t3WURWUVFERXlSbU1tRmxPVGswTUMwM09EVXlMVFEzTm1VdE9XVXpaUzA1WWpNeFl6RTJNelJsTUdJdwpIaGNOTVRrd016RXdNVGsxT0RFeFdoY05NalF3TXpBNE1qQTFPREV4V2pBdk1TMHdLd1lEVlFRREV5Um1NbUZsCk9UazBNQzAzT0RVeUxUUTNObVV0T1dVelpTMDVZak14WXpFMk16UmxNR0l3Z2dFaU1BMEdDU3FHU0liM0RRRUIKQVFVQUE0SUJEd0F3Z2dFS0FvSUJBUUNvc1cremRxVWRtNnM0blNhbnhvMzJUY2JWTjJxUXNscHF3NFJlei9VbgpCSjdObFBlR3VoSXMzTE5BK1kvQmpYT0xzYzNYYWpZU2puVWFiSFlhMnlFeXhqTUlLY0c1aTRtU08yWVhtNkk3Ck1BY2tvMGpRNlBha2M0OEc2QkMraEVJR0RGMzhaYitNZG0xeVp1S3djQkc0bGx3MlVPNDF6U1hCZnc0UXl6UU8KeGJ1TTBiUjZ3NFl2TmZEK1JZazMyS1lwZDJnODJ2U00rbEF6VEJNckp5VGo4YnZDajZ0OHpCWlExbTdyWG14UAp5Yms0L0RIVkI5MlBvZEpNTC9Gb2Y0ZmlMRUZLdElYOE9jdWhTUnFJMjlaMGxUUzVhdzMvYW1JZUJIaTlEWUgrClhCODN5SkRpUHRucWF1TVcvVTV1QXpwL0xnVGluYk5NMzVWV0dzbmtsM2I5QWdNQkFBR2pJekFoTUE0R0ExVWQKRHdFQi93UUVBd0lDQkRBUEJnTlZIUk1CQWY4RUJUQURBUUgvTUEwR0NTcUdTSWIzRFFFQkN3VUFBNElCQVFCUgpLYlZNSi9PMkpNbVhEWnp1WE5BdVNka1hTMjloQzZlb3crOS9LNDZDaVQvTUJhdUkwMlllbG1IK1NsRHhEdW1WCkozektTNlprYm1xUTdQSjZQdWtpQlBTWWpwS2FRQ2N0bnFNZTQzcTcrUnZBU0I3U2ttbGVML1lkazhHbHF1THgKUjF2R0IzWDVZeU4zVlF4Yi8zTWpsR0RHU1lGMDdqeE5uYUhDeUFxcjZHZTJDOExZQm5zczB5VXozQ2NHYjJmQgovdWNUcWpKLzJBOTBzVitKMlAyNFMwbGNKMGxUdW1Yam5uQzJ6Znc2NnNhMEdtbldyaXpMMTQ3Mm41dStQT3o0CmtVekg4NXVjdVNJL2wrMlhtblBobFl4S3czZ1hCSEhWSTRSVUxqQ0xQMzR5UDBocWs3cWpGeVpibkRNMW5Ec28KSUFQV2svQUNsOHQ1NDVvQUpzSTIKLS0tLS1FTkQgQ0VSVElGSUNBVEUtLS0tLQo="
                    ]
                },
                "cluster_name": {
                    "sensitive": false,
                    "type": "list",
                    "value": [
                        "search-wayot-82686f5c"
                    ]
                },
                "master_ip": {
                    "sensitive": false,
                    "type": "list",
                    "value": [
                        "35.222.124.95"
                    ]
                },
                "version": {
                    "sensitive": false,
                    "type": "list",
                    "value": [
                        "1.12.5-gke.10"
                    ]
                }
            },
            "resources": {
                "data.google_compute_zones.available": {
                    "type": "google_compute_zones",
                    "depends_on": [],
                    "primary": {
                        "id": "2019-03-10 20:58:07.71933 +0000 UTC",
                        "attributes": {
                            "id": "2019-03-10 20:58:07.71933 +0000 UTC",
                            "names.#": "4",
                            "names.0": "us-central1-a",
                            "names.1": "us-central1-b",
                            "names.2": "us-central1-c",
                            "names.3": "us-central1-f",
                            "project": "ivory-cycle-233717",
                            "region": "us-central1"
                        },
                        "meta": {},
                        "tainted": false
                    },
                    "deposed": [],
                    "provider": "provider.google"
                },
                "google_container_cluster.regional": {
                    "type": "google_container_cluster",
                    "depends_on": [
                        "local.kubernetes_labels",
                        "local.labels",
                        "local.name",
                        "random_id.main"
                    ],
                    "primary": {
                        "id": "search-wayot-82686f5c",
                        "attributes": {
                            "additional_zones.#": "1",
                            "additional_zones.114014501": "us-central1-b",
                            "addons_config.#": "1",
                            "addons_config.0.cloudrun_config.#": "0",
                            "addons_config.0.horizontal_pod_autoscaling.#": "0",
                            "addons_config.0.http_load_balancing.#": "0",
                            "addons_config.0.istio_config.#": "0",
                            "addons_config.0.kubernetes_dashboard.#": "1",
                            "addons_config.0.kubernetes_dashboard.0.disabled": "false",
                            "addons_config.0.network_policy_config.#": "1",
                            "addons_config.0.network_policy_config.0.disabled": "true",
                            "cluster_autoscaling.#": "1",
                            "cluster_autoscaling.0.enabled": "false",
                            "cluster_autoscaling.0.resource_limits.#": "0",
                            "cluster_ipv4_cidr": "10.20.0.0/14",
                            "default_max_pods_per_node": "110",
                            "description": "",
                            "enable_binary_authorization": "false",
                            "enable_kubernetes_alpha": "false",
                            "enable_legacy_abac": "false",
                            "enable_tpu": "false",
                            "endpoint": "35.222.124.95",
                            "id": "search-wayot-82686f5c",
                            "initial_node_count": "1",
                            "instance_group_urls.#": "0",
                            "ip_allocation_policy.#": "1",
                            "ip_allocation_policy.0.cluster_ipv4_cidr_block": "10.20.0.0/14",
                            "ip_allocation_policy.0.cluster_secondary_range_name": "gke-search-wayot-82686f5c-pods-e406dc71",
                            "ip_allocation_policy.0.create_subnetwork": "false",
                            "ip_allocation_policy.0.services_ipv4_cidr_block": "10.87.0.0/20",
                            "ip_allocation_policy.0.services_secondary_range_name": "gke-search-wayot-82686f5c-services-e406dc71",
                            "ip_allocation_policy.0.subnetwork_name": "",
                            "logging_service": "logging.googleapis.com",
                            "maintenance_policy.#": "0",
                            "master_auth.#": "1",
                            "master_auth.0.client_certificate": "",
                            "master_auth.0.client_certificate_config.#": "1",
                            "master_auth.0.client_certificate_config.0.issue_client_certificate": "false",
                            "master_auth.0.client_key": "",
                            "master_auth.0.cluster_ca_certificate": "LS0tLS1CRUdJTiBDRVJUSUZJQ0FURS0tLS0tCk1JSURDekNDQWZPZ0F3SUJBZ0lRS003aWYrV0s1c21vZTRWd21CNFdpREFOQmdrcWhraUc5dzBCQVFzRkFEQXYKTVMwd0t3WURWUVFERXlSbU1tRmxPVGswTUMwM09EVXlMVFEzTm1VdE9XVXpaUzA1WWpNeFl6RTJNelJsTUdJdwpIaGNOTVRrd016RXdNVGsxT0RFeFdoY05NalF3TXpBNE1qQTFPREV4V2pBdk1TMHdLd1lEVlFRREV5Um1NbUZsCk9UazBNQzAzT0RVeUxUUTNObVV0T1dVelpTMDVZak14WXpFMk16UmxNR0l3Z2dFaU1BMEdDU3FHU0liM0RRRUIKQVFVQUE0SUJEd0F3Z2dFS0FvSUJBUUNvc1cremRxVWRtNnM0blNhbnhvMzJUY2JWTjJxUXNscHF3NFJlei9VbgpCSjdObFBlR3VoSXMzTE5BK1kvQmpYT0xzYzNYYWpZU2puVWFiSFlhMnlFeXhqTUlLY0c1aTRtU08yWVhtNkk3Ck1BY2tvMGpRNlBha2M0OEc2QkMraEVJR0RGMzhaYitNZG0xeVp1S3djQkc0bGx3MlVPNDF6U1hCZnc0UXl6UU8KeGJ1TTBiUjZ3NFl2TmZEK1JZazMyS1lwZDJnODJ2U00rbEF6VEJNckp5VGo4YnZDajZ0OHpCWlExbTdyWG14UAp5Yms0L0RIVkI5MlBvZEpNTC9Gb2Y0ZmlMRUZLdElYOE9jdWhTUnFJMjlaMGxUUzVhdzMvYW1JZUJIaTlEWUgrClhCODN5SkRpUHRucWF1TVcvVTV1QXpwL0xnVGluYk5NMzVWV0dzbmtsM2I5QWdNQkFBR2pJekFoTUE0R0ExVWQKRHdFQi93UUVBd0lDQkRBUEJnTlZIUk1CQWY4RUJUQURBUUgvTUEwR0NTcUdTSWIzRFFFQkN3VUFBNElCQVFCUgpLYlZNSi9PMkpNbVhEWnp1WE5BdVNka1hTMjloQzZlb3crOS9LNDZDaVQvTUJhdUkwMlllbG1IK1NsRHhEdW1WCkozektTNlprYm1xUTdQSjZQdWtpQlBTWWpwS2FRQ2N0bnFNZTQzcTcrUnZBU0I3U2ttbGVML1lkazhHbHF1THgKUjF2R0IzWDVZeU4zVlF4Yi8zTWpsR0RHU1lGMDdqeE5uYUhDeUFxcjZHZTJDOExZQm5zczB5VXozQ2NHYjJmQgovdWNUcWpKLzJBOTBzVitKMlAyNFMwbGNKMGxUdW1Yam5uQzJ6Znc2NnNhMEdtbldyaXpMMTQ3Mm41dStQT3o0CmtVekg4NXVjdVNJL2wrMlhtblBobFl4S3czZ1hCSEhWSTRSVUxqQ0xQMzR5UDBocWs3cWpGeVpibkRNMW5Ec28KSUFQV2svQUNsOHQ1NDVvQUpzSTIKLS0tLS1FTkQgQ0VSVElGSUNBVEUtLS0tLQo=",
                            "master_auth.0.password": "",
                            "master_auth.0.username": "",
                            "master_authorized_networks_config.#": "1",
                            "master_authorized_networks_config.0.cidr_blocks.#": "1",
                            "master_authorized_networks_config.0.cidr_blocks.3165812993.cidr_block": "69.222.185.243/32",
                            "master_authorized_networks_config.0.cidr_blocks.3165812993.display_name": "admin ingress IP",
                            "master_version": "1.12.5-gke.10",
                            "min_master_version": "1.12.5-gke.10",
                            "monitoring_service": "monitoring.googleapis.com",
                            "name": "search-wayot-82686f5c",
                            "network": "projects/ivory-cycle-233717/global/networks/default",
                            "network_policy.#": "1",
                            "network_policy.0.enabled": "false",
                            "network_policy.0.provider": "PROVIDER_UNSPECIFIED",
                            "node_config.#": "0",
                            "node_pool.#": "0",
                            "node_version": "1.12.5-gke.10",
                            "pod_security_policy_config.#": "0",
                            "private_cluster_config.#": "1",
                            "private_cluster_config.0.enable_private_endpoint": "false",
                            "private_cluster_config.0.enable_private_nodes": "true",
                            "private_cluster_config.0.master_ipv4_cidr_block": "172.16.0.0/28",
                            "private_cluster_config.0.private_endpoint": "172.16.0.2",
                            "private_cluster_config.0.public_endpoint": "35.222.124.95",
                            "project": "ivory-cycle-233717",
                            "region": "us-central1",
                            "remove_default_node_pool": "true",
                            "resource_labels.%": "3",
                            "resource_labels.app": "search",
                            "resource_labels.env": "wayot",
                            "resource_labels.terraform": "1",
                            "subnetwork": "projects/ivory-cycle-233717/regions/us-central1/subnetworks/default",
                            "tpu_ipv4_cidr_block": "",
                            "zone": "us-central1"
                        },
                        "meta": {
                            "e2bfb730-ecaa-11e6-8f88-34363bc7c4c0": {
                                "create": 1800000000000,
                                "delete": 1800000000000,
                                "update": 900000000000
                            },
                            "schema_version": "1"
                        },
                        "tainted": false
                    },
                    "deposed": [],
                    "provider": "provider.google-beta"
                },
                "google_container_node_pool.poolset": {
                    "type": "google_container_node_pool",
                    "depends_on": [
                        "google_container_cluster.regional.*",
                        "google_container_cluster.zonal.*",
                        "local.labels",
                        "local.name"
                    ],
                    "primary": {
                        "id": "us-central1/search-wayot-82686f5c/search-wayot",
                        "attributes": {
                            "cluster": "search-wayot-82686f5c",
                            "id": "us-central1/search-wayot-82686f5c/search-wayot",
                            "initial_node_count": "1",
                            "instance_group_urls.#": "1",
                            "instance_group_urls.0": "https://www.googleapis.com/compute/v1/projects/ivory-cycle-233717/zones/us-central1-b/instanceGroupManagers/gke-search-wayot-82686f5-search-wayot-6f7e693a-grp",
                            "management.#": "1",
                            "management.0.auto_repair": "false",
                            "management.0.auto_upgrade": "false",
                            "name": "search-wayot",
                            "name_prefix": "",
                            "node_config.#": "1",
                            "node_config.0.disk_size_gb": "100",
                            "node_config.0.disk_type": "pd-standard",
                            "node_config.0.guest_accelerator.#": "0",
                            "node_config.0.image_type": "COS",
                            "node_config.0.labels.%": "0",
                            "node_config.0.local_ssd_count": "0",
                            "node_config.0.machine_type": "n1-standard-2",
                            "node_config.0.metadata.%": "5",
                            "node_config.0.metadata.app": "search",
                            "node_config.0.metadata.disable-legacy-endpoints": "true",
                            "node_config.0.metadata.env": "wayot",
                            "node_config.0.metadata.machine_type": "1",
                            "node_config.0.metadata.terraform": "1",
                            "node_config.0.min_cpu_platform": "",
                            "node_config.0.oauth_scopes.#": "4",
                            "node_config.0.oauth_scopes.1277378754": "https://www.googleapis.com/auth/monitoring",
                            "node_config.0.oauth_scopes.1632638332": "https://www.googleapis.com/auth/devstorage.read_only",
                            "node_config.0.oauth_scopes.172152165": "https://www.googleapis.com/auth/logging.write",
                            "node_config.0.oauth_scopes.299962681": "https://www.googleapis.com/auth/compute",
                            "node_config.0.preemptible": "true",
                            "node_config.0.service_account": "default",
                            "node_config.0.tags.#": "0",
                            "node_config.0.taint.#": "0",
                            "node_config.0.workload_metadata_config.#": "0",
                            "node_count": "1",
                            "project": "ivory-cycle-233717",
                            "region": "us-central1",
                            "version": "1.12.5-gke.10"
                        },
                        "meta": {
                            "e2bfb730-ecaa-11e6-8f88-34363bc7c4c0": {
                                "create": 1800000000000,
                                "delete": 600000000000,
                                "update": 600000000000
                            },
                            "schema_version": "1"
                        },
                        "tainted": false
                    },
                    "deposed": [],
                    "provider": "provider.google"
                },
                "random_id.main": {
                    "type": "random_id",
                    "depends_on": [],
                    "primary": {
                        "id": "gmhvXA",
                        "attributes": {
                            "b64": "gmhvXA",
                            "b64_std": "gmhvXA==",
                            "b64_url": "gmhvXA",
                            "byte_length": "4",
                            "dec": "2187882332",
                            "hex": "82686f5c",
                            "id": "gmhvXA"
                        },
                        "meta": {},
                        "tainted": false
                    },
                    "deposed": [],
                    "provider": "provider.random"
                },
                "random_id.password": {
                    "type": "random_id",
                    "depends_on": [],
                    "primary": {
                        "id": "KHCb_nOTWpA",
                        "attributes": {
                            "b64": "KHCb_nOTWpA",
                            "b64_std": "KHCb/nOTWpA=",
                            "b64_url": "KHCb_nOTWpA",
                            "byte_length": "8",
                            "dec": "2914000476071746192",
                            "hex": "28709bfe73935a90",
                            "id": "KHCb_nOTWpA"
                        },
                        "meta": {},
                        "tainted": false
                    },
                    "deposed": [],
                    "provider": "provider.random"
                }
            },
            "depends_on": []
        }
    ]
}
